
Microsoft Visual Studio Solution File, Format Version 12.00
# Visual Studio Version 16
VisualStudioVersion = 16.0.33801.447
MinimumVisualStudioVersion = 10.0.40219.1
Project("{FAE04EC0-301F-11D3-BF4B-00C04F79EFBC}") = "UniqueBowl", "UniqueBowl.csproj", "{875C8879-1CCE-42AD-BD63-4C3A4A220E8D}"
EndProject
Global
	GlobalSection(SolutionConfigurationPlatforms) = preSolution
		Debug|Any CPU = Debug|Any CPU
		Release|Any CPU = Release|Any CPU
	EndGlobalSection
	GlobalSection(ProjectConfigurationPlatforms) = postSolution
		{875C8879-1CCE-42AD-BD63-4C3A4A220E8D}.Debug|Any CPU.ActiveCfg = Debug|Any CPU
		{875C8879-1CCE-42AD-BD63-4C3A4A220E8D}.Debug|Any CPU.Build.0 = Debug|Any CPU
		{875C8879-1CCE-42AD-BD63-4C3A4A220E8D}.Release|Any CPU.ActiveCfg = Release|Any CPU
		{875C8879-1CCE-42AD-BD63-4C3A4A220E8D}.Release|Any CPU.Build.0 = Release|Any CPU
	EndGlobalSection
	GlobalSection(SolutionProperties) = preSolution
		HideSolutionNode = FALSE
	EndGlobalSection
	GlobalSection(ExtensibilityGlobals) = postSolution
		SolutionGuid = {F0E933F7-5C5F-464A-ADC5-4FC7CA882467}
	EndGlobalSection
EndGlobal
